
Microsoft Visual Studio Solution File, Format Version 12.00
# Visual Studio Version 17
VisualStudioVersion = 17.7.34221.43
MinimumVisualStudioVersion = 10.0.40219.1
Project("{9A19103F-16F7-4668-BE54-9A1E7A4F7556}") = "Course_work_on_CSharp", "Course_work_on_CSharp\Course_work_on_CSharp.csproj", "{532D0BC5-7516-4C0B-BFE8-53ADA19E96FF}"
EndProject
Project("{FAE04EC0-301F-11D3-BF4B-00C04F79EFBC}") = "Test_Project", "Test_Project\Test_Project.csproj", "{D9080905-17E8-49BF-AAD7-608BBA508662}"
EndProject
Global
	GlobalSection(SolutionConfigurationPlatforms) = preSolution
		Debug|Any CPU = Debug|Any CPU
		Release|Any CPU = Release|Any CPU
	EndGlobalSection
	GlobalSection(ProjectConfigurationPlatforms) = postSolution
		{532D0BC5-7516-4C0B-BFE8-53ADA19E96FF}.Debug|Any CPU.ActiveCfg = Debug|Any CPU
		{532D0BC5-7516-4C0B-BFE8-53ADA19E96FF}.Debug|Any CPU.Build.0 = Debug|Any CPU
		{532D0BC5-7516-4C0B-BFE8-53ADA19E96FF}.Release|Any CPU.ActiveCfg = Release|Any CPU
		{532D0BC5-7516-4C0B-BFE8-53ADA19E96FF}.Release|Any CPU.Build.0 = Release|Any CPU
		{D9080905-17E8-49BF-AAD7-608BBA508662}.Debug|Any CPU.ActiveCfg = Debug|Any CPU
		{D9080905-17E8-49BF-AAD7-608BBA508662}.Debug|Any CPU.Build.0 = Debug|Any CPU
		{D9080905-17E8-49BF-AAD7-608BBA508662}.Release|Any CPU.ActiveCfg = Release|Any CPU
		{D9080905-17E8-49BF-AAD7-608BBA508662}.Release|Any CPU.Build.0 = Release|Any CPU
	EndGlobalSection
	GlobalSection(SolutionProperties) = preSolution
		HideSolutionNode = FALSE
	EndGlobalSection
	GlobalSection(ExtensibilityGlobals) = postSolution
		SolutionGuid = {405658C6-F0F2-42E4-96DC-0EE96BF2A5C3}
	EndGlobalSection
EndGlobal
